
Microsoft Visual Studio Solution File, Format Version 12.00
# Visual Studio Version 17
VisualStudioVersion = 17.14.36109.1 d17.14
MinimumVisualStudioVersion = 10.0.40219.1
Project("{FAE04EC0-301F-11D3-BF4B-00C04F79EFBC}") = "Polymorphism", "Polymorphism.csproj", "{B1423EE4-FE1E-4229-B277-0470C0FBD23C}"
EndProject
Global
	GlobalSection(SolutionConfigurationPlatforms) = preSolution
		Debug|Any CPU = Debug|Any CPU
		Release|Any CPU = Release|Any CPU
	EndGlobalSection
	GlobalSection(ProjectConfigurationPlatforms) = postSolution
		{B1423EE4-FE1E-4229-B277-0470C0FBD23C}.Debug|Any CPU.ActiveCfg = Debug|Any CPU
		{B1423EE4-FE1E-4229-B277-0470C0FBD23C}.Debug|Any CPU.Build.0 = Debug|Any CPU
		{B1423EE4-FE1E-4229-B277-0470C0FBD23C}.Release|Any CPU.ActiveCfg = Release|Any CPU
		{B1423EE4-FE1E-4229-B277-0470C0FBD23C}.Release|Any CPU.Build.0 = Release|Any CPU
	EndGlobalSection
	GlobalSection(SolutionProperties) = preSolution
		HideSolutionNode = FALSE
	EndGlobalSection
	GlobalSection(ExtensibilityGlobals) = postSolution
		SolutionGuid = {4EA38A68-3832-4AF8-B0F3-0D6F8C4E77DF}
	EndGlobalSection
EndGlobal
